
Microsoft Visual Studio Solution File, Format Version 12.00
# Visual Studio Version 16
VisualStudioVersion = 16.0.31702.278
MinimumVisualStudioVersion = 10.0.40219.1
Project("{FAE04EC0-301F-11D3-BF4B-00C04F79EFBC}") = "Task111", "Task111\Task111.csproj", "{EBBE8E8F-460A-466F-8E04-2CA1DAB06981}"
EndProject
Global
	GlobalSection(SolutionConfigurationPlatforms) = preSolution
		Debug|Any CPU = Debug|Any CPU
		Release|Any CPU = Release|Any CPU
	EndGlobalSection
	GlobalSection(ProjectConfigurationPlatforms) = postSolution
		{EBBE8E8F-460A-466F-8E04-2CA1DAB06981}.Debug|Any CPU.ActiveCfg = Debug|Any CPU
		{EBBE8E8F-460A-466F-8E04-2CA1DAB06981}.Debug|Any CPU.Build.0 = Debug|Any CPU
		{EBBE8E8F-460A-466F-8E04-2CA1DAB06981}.Release|Any CPU.ActiveCfg = Release|Any CPU
		{EBBE8E8F-460A-466F-8E04-2CA1DAB06981}.Release|Any CPU.Build.0 = Release|Any CPU
	EndGlobalSection
	GlobalSection(SolutionProperties) = preSolution
		HideSolutionNode = FALSE
	EndGlobalSection
	GlobalSection(ExtensibilityGlobals) = postSolution
		SolutionGuid = {5FF66156-E484-4726-B445-C6EA49E76278}
	EndGlobalSection
EndGlobal
